// !$*UTF8*$!
{
	archiveVersion = 1;
	classes = {
	};
	objectVersion = 56;
	objects = {

/* Begin PBXBuildFile section */
		244CC58E2C607EC0008D8102 /* SwiftMacrosSampleApp.swift in Sources */ = {isa = PBXBuildFile; fileRef = 244CC58D2C607EC0008D8102 /* SwiftMacrosSampleApp.swift */; };
		244CC5902C607EC0008D8102 /* ContentView.swift in Sources */ = {isa = PBXBuildFile; fileRef = 244CC58F2C607EC0008D8102 /* ContentView.swift */; };
		244CC5922C607EC2008D8102 /* Assets.xcassets in Resources */ = {isa = PBXBuildFile; fileRef = 244CC5912C607EC2008D8102 /* Assets.xcassets */; };
		244CC5962C607EC2008D8102 /* Preview Assets.xcassets in Resources */ = {isa = PBXBuildFile; fileRef = 244CC5952C607EC2008D8102 /* Preview Assets.xcassets */; };
		244CC5A02C607EC2008D8102 /* SwiftMacrosSampleTests.swift in Sources */ = {isa = PBXBuildFile; fileRef = 244CC59F2C607EC2008D8102 /* SwiftMacrosSampleTests.swift */; };
		244CC5AA2C607EC2008D8102 /* SwiftMacrosSampleUITests.swift in Sources */ = {isa = PBXBuildFile; fileRef = 244CC5A92C607EC2008D8102 /* SwiftMacrosSampleUITests.swift */; };
		244CC5AC2C607EC2008D8102 /* SwiftMacrosSampleUITestsLaunchTests.swift in Sources */ = {isa = PBXBuildFile; fileRef = 244CC5AB2C607EC2008D8102 /* SwiftMacrosSampleUITestsLaunchTests.swift */; };
/* End PBXBuildFile section */

/* Begin PBXContainerItemProxy section */
		244CC59C2C607EC2008D8102 /* PBXContainerItemProxy */ = {
			isa = PBXContainerItemProxy;
			containerPortal = 244CC5822C607EC0008D8102 /* Project object */;
			proxyType = 1;
			remoteGlobalIDString = 244CC5892C607EC0008D8102;
			remoteInfo = SwiftMacrosSample;
		};
		244CC5A62C607EC2008D8102 /* PBXContainerItemProxy */ = {
			isa = PBXContainerItemProxy;
			containerPortal = 244CC5822C607EC0008D8102 /* Project object */;
			proxyType = 1;
			remoteGlobalIDString = 244CC5892C607EC0008D8102;
			remoteInfo = SwiftMacrosSample;
		};
/* End PBXContainerItemProxy section */

/* Begin PBXFileReference section */
		244CC58A2C607EC0008D8102 /* SwiftMacrosSample.app */ = {isa = PBXFileReference; explicitFileType = wrapper.application; includeInIndex = 0; path = SwiftMacrosSample.app; sourceTree = BUILT_PRODUCTS_DIR; };
		244CC58D2C607EC0008D8102 /* SwiftMacrosSampleApp.swift */ = {isa = PBXFileReference; lastKnownFileType = sourcecode.swift; path = SwiftMacrosSampleApp.swift; sourceTree = "<group>"; };
		244CC58F2C607EC0008D8102 /* ContentView.swift */ = {isa = PBXFileReference; lastKnownFileType = sourcecode.swift; path = ContentView.swift; sourceTree = "<group>"; };
		244CC5912C607EC2008D8102 /* Assets.xcassets */ = {isa = PBXFileReference; lastKnownFileType = folder.assetcatalog; path = Assets.xcassets; sourceTree = "<group>"; };
		244CC5932C607EC2008D8102 /* SwiftMacrosSample.entitlements */ = {isa = PBXFileReference; lastKnownFileType = text.plist.entitlements; path = SwiftMacrosSample.entitlements; sourceTree = "<group>"; };
		244CC5952C607EC2008D8102 /* Preview Assets.xcassets */ = {isa = PBXFileReference; lastKnownFileType = folder.assetcatalog; path = "Preview Assets.xcassets"; sourceTree = "<group>"; };
		244CC59B2C607EC2008D8102 /* SwiftMacrosSampleTests.xctest */ = {isa = PBXFileReference; explicitFileType = wrapper.cfbundle; includeInIndex = 0; path = SwiftMacrosSampleTests.xctest; sourceTree = BUILT_PRODUCTS_DIR; };
		244CC59F2C607EC2008D8102 /* SwiftMacrosSampleTests.swift */ = {isa = PBXFileReference; lastKnownFileType = sourcecode.swift; path = SwiftMacrosSampleTests.swift; sourceTree = "<group>"; };
		244CC5A52C607EC2008D8102 /* SwiftMacrosSampleUITests.xctest */ = {isa = PBXFileReference; explicitFileType = wrapper.cfbundle; includeInIndex = 0; path = SwiftMacrosSampleUITests.xctest; sourceTree = BUILT_PRODUCTS_DIR; };
		244CC5A92C607EC2008D8102 /* SwiftMacrosSampleUITests.swift */ = {isa = PBXFileReference; lastKnownFileType = sourcecode.swift; path = SwiftMacrosSampleUITests.swift; sourceTree = "<group>"; };
		244CC5AB2C607EC2008D8102 /* SwiftMacrosSampleUITestsLaunchTests.swift */ = {isa = PBXFileReference; lastKnownFileType = sourcecode.swift; path = SwiftMacrosSampleUITestsLaunchTests.swift; sourceTree = "<group>"; };
/* End PBXFileReference section */

/* Begin PBXFrameworksBuildPhase section */
		244CC5872C607EC0008D8102 /* Frameworks */ = {
			isa = PBXFrameworksBuildPhase;
			buildActionMask = 2147483647;
			files = (
			);
			runOnlyForDeploymentPostprocessing = 0;
		};
		244CC5982C607EC2008D8102 /* Frameworks */ = {
			isa = PBXFrameworksBuildPhase;
			buildActionMask = 2147483647;
			files = (
			);
			runOnlyForDeploymentPostprocessing = 0;
		};
		244CC5A22C607EC2008D8102 /* Frameworks */ = {
			isa = PBXFrameworksBuildPhase;
			buildActionMask = 2147483647;
			files = (
			);
			runOnlyForDeploymentPostprocessing = 0;
		};
/* End PBXFrameworksBuildPhase section */

/* Begin PBXGroup section */
		244CC5812C607EC0008D8102 = {
			isa = PBXGroup;
			children = (
				244CC58C2C607EC0008D8102 /* SwiftMacrosSample */,
				244CC59E2C607EC2008D8102 /* SwiftMacrosSampleTests */,
				244CC5A82C607EC2008D8102 /* SwiftMacrosSampleUITests */,
				244CC58B2C607EC0008D8102 /* Products */,
			);
			sourceTree = "<group>";
		};
		244CC58B2C607EC0008D8102 /* Products */ = {
			isa = PBXGroup;
			children = (
				244CC58A2C607EC0008D8102 /* SwiftMacrosSample.app */,
				244CC59B2C607EC2008D8102 /* SwiftMacrosSampleTests.xctest */,
				244CC5A52C607EC2008D8102 /* SwiftMacrosSampleUITests.xctest */,
			);
			name = Products;
			sourceTree = "<group>";
		};
		244CC58C2C607EC0008D8102 /* SwiftMacrosSample */ = {
			isa = PBXGroup;
			children = (
				244CC58D2C607EC0008D8102 /* SwiftMacrosSampleApp.swift */,
				244CC58F2C607EC0008D8102 /* ContentView.swift */,
				244CC5912C607EC2008D8102 /* Assets.xcassets */,
				244CC5932C607EC2008D8102 /* SwiftMacrosSample.entitlements */,
				244CC5942C607EC2008D8102 /* Preview Content */,
			);
			path = SwiftMacrosSample;
			sourceTree = "<group>";
		};
		244CC5942C607EC2008D8102 /* Preview Content */ = {
			isa = PBXGroup;
			children = (
				244CC5952C607EC2008D8102 /* Preview Assets.xcassets */,
			);
			path = "Preview Content";
			sourceTree = "<group>";
		};
		244CC59E2C607EC2008D8102 /* SwiftMacrosSampleTests */ = {
			isa = PBXGroup;
			children = (
				244CC59F2C607EC2008D8102 /* SwiftMacrosSampleTests.swift */,
			);
			path = SwiftMacrosSampleTests;
			sourceTree = "<group>";
		};
		244CC5A82C607EC2008D8102 /* SwiftMacrosSampleUITests */ = {
			isa = PBXGroup;
			children = (
				244CC5A92C607EC2008D8102 /* SwiftMacrosSampleUITests.swift */,
				244CC5AB2C607EC2008D8102 /* SwiftMacrosSampleUITestsLaunchTests.swift */,
			);
			path = SwiftMacrosSampleUITests;
			sourceTree = "<group>";
		};
/* End PBXGroup section */

/* Begin PBXNativeTarget section */
		244CC5892C607EC0008D8102 /* SwiftMacrosSample */ = {
			isa = PBXNativeTarget;
			buildConfigurationList = 244CC5AF2C607EC2008D8102 /* Build configuration list for PBXNativeTarget "SwiftMacrosSample" */;
			buildPhases = (
				244CC5862C607EC0008D8102 /* Sources */,
				244CC5872C607EC0008D8102 /* Frameworks */,
				244CC5882C607EC0008D8102 /* Resources */,
			);
			buildRules = (
			);
			dependencies = (
			);
			name = SwiftMacrosSample;
			productName = SwiftMacrosSample;
			productReference = 244CC58A2C607EC0008D8102 /* SwiftMacrosSample.app */;
			productType = "com.apple.product-type.application";
		};
		244CC59A2C607EC2008D8102 /* SwiftMacrosSampleTests */ = {
			isa = PBXNativeTarget;
			buildConfigurationList = 244CC5B22C607EC2008D8102 /* Build configuration list for PBXNativeTarget "SwiftMacrosSampleTests" */;
			buildPhases = (
				244CC5972C607EC2008D8102 /* Sources */,
				244CC5982C607EC2008D8102 /* Frameworks */,
				244CC5992C607EC2008D8102 /* Resources */,
			);
			buildRules = (
			);
			dependencies = (
				244CC59D2C607EC2008D8102 /* PBXTargetDependency */,
			);
			name = SwiftMacrosSampleTests;
			productName = SwiftMacrosSampleTests;
			productReference = 244CC59B2C607EC2008D8102 /* SwiftMacrosSampleTests.xctest */;
			productType = "com.apple.product-type.bundle.unit-test";
		};
		244CC5A42C607EC2008D8102 /* SwiftMacrosSampleUITests */ = {
			isa = PBXNativeTarget;
			buildConfigurationList = 244CC5B52C607EC2008D8102 /* Build configuration list for PBXNativeTarget "SwiftMacrosSampleUITests" */;
			buildPhases = (
				244CC5A12C607EC2008D8102 /* Sources */,
				244CC5A22C607EC2008D8102 /* Frameworks */,
				244CC5A32C607EC2008D8102 /* Resources */,
			);
			buildRules = (
			);
			dependencies = (
				244CC5A72C607EC2008D8102 /* PBXTargetDependency */,
			);
			name = SwiftMacrosSampleUITests;
			productName = SwiftMacrosSampleUITests;
			productReference = 244CC5A52C607EC2008D8102 /* SwiftMacrosSampleUITests.xctest */;
			productType = "com.apple.product-type.bundle.ui-testing";
		};
/* End PBXNativeTarget section */

/* Begin PBXProject section */
		244CC5822C607EC0008D8102 /* Project object */ = {
			isa = PBXProject;
			attributes = {
				BuildIndependentTargetsInParallel = 1;
				LastSwiftUpdateCheck = 1520;
				LastUpgradeCheck = 1520;
				TargetAttributes = {
					244CC5892C607EC0008D8102 = {
						CreatedOnToolsVersion = 15.2;
					};
					244CC59A2C607EC2008D8102 = {
						CreatedOnToolsVersion = 15.2;
						TestTargetID = 244CC5892C607EC0008D8102;
					};
					244CC5A42C607EC2008D8102 = {
						CreatedOnToolsVersion = 15.2;
						TestTargetID = 244CC5892C607EC0008D8102;
					};
				};
			};
			buildConfigurationList = 244CC5852C607EC0008D8102 /* Build configuration list for PBXProject "SwiftMacrosSample" */;
			compatibilityVersion = "Xcode 14.0";
			developmentRegion = en;
			hasScannedForEncodings = 0;
			knownRegions = (
				en,
				Base,
			);
			mainGroup = 244CC5812C607EC0008D8102;
			productRefGroup = 244CC58B2C607EC0008D8102 /* Products */;
			projectDirPath = "";
			projectRoot = "";
			targets = (
				244CC5892C607EC0008D8102 /* SwiftMacrosSample */,
				244CC59A2C607EC2008D8102 /* SwiftMacrosSampleTests */,
				244CC5A42C607EC2008D8102 /* SwiftMacrosSampleUITests */,
			);
		};
/* End PBXProject section */

/* Begin PBXResourcesBuildPhase section */
		244CC5882C607EC0008D8102 /* Resources */ = {
			isa = PBXResourcesBuildPhase;
			buildActionMask = 2147483647;
			files = (
				244CC5962C607EC2008D8102 /* Preview Assets.xcassets in Resources */,
				244CC5922C607EC2008D8102 /* Assets.xcassets in Resources */,
			);
			runOnlyForDeploymentPostprocessing = 0;
		};
		244CC5992C607EC2008D8102 /* Resources */ = {
			isa = PBXResourcesBuildPhase;
			buildActionMask = 2147483647;
			files = (
			);
			runOnlyForDeploymentPostprocessing = 0;
		};
		244CC5A32C607EC2008D8102 /* Resources */ = {
			isa = PBXResourcesBuildPhase;
			buildActionMask = 2147483647;
			files = (
			);
			runOnlyForDeploymentPostprocessing = 0;
		};
/* End PBXResourcesBuildPhase section */

/* Begin PBXSourcesBuildPhase section */
		244CC5862C607EC0008D8102 /* Sources */ = {
			isa = PBXSourcesBuildPhase;
			buildActionMask = 2147483647;
			files = (
				244CC5902C607EC0008D8102 /* ContentView.swift in Sources */,
				244CC58E2C607EC0008D8102 /* SwiftMacrosSampleApp.swift in Sources */,
			);
			runOnlyForDeploymentPostprocessing = 0;
		};
		244CC5972C607EC2008D8102 /* Sources */ = {
			isa = PBXSourcesBuildPhase;
			buildActionMask = 2147483647;
			files = (
				244CC5A02C607EC2008D8102 /* SwiftMacrosSampleTests.swift in Sources */,
			);
			runOnlyForDeploymentPostprocessing = 0;
		};
		244CC5A12C607EC2008D8102 /* Sources */ = {
			isa = PBXSourcesBuildPhase;
			buildActionMask = 2147483647;
			files = (
				244CC5AA2C607EC2008D8102 /* SwiftMacrosSampleUITests.swift in Sources */,
				244CC5AC2C607EC2008D8102 /* SwiftMacrosSampleUITestsLaunchTests.swift in Sources */,
			);
			runOnlyForDeploymentPostprocessing = 0;
		};
/* End PBXSourcesBuildPhase section */

/* Begin PBXTargetDependency section */
		244CC59D2C607EC2008D8102 /* PBXTargetDependency */ = {
			isa = PBXTargetDependency;
			target = 244CC5892C607EC0008D8102 /* SwiftMacrosSample */;
			targetProxy = 244CC59C2C607EC2008D8102 /* PBXContainerItemProxy */;
		};
		244CC5A72C607EC2008D8102 /* PBXTargetDependency */ = {
			isa = PBXTargetDependency;
			target = 244CC5892C607EC0008D8102 /* SwiftMacrosSample */;
			targetProxy = 244CC5A62C607EC2008D8102 /* PBXContainerItemProxy */;
		};
/* End PBXTargetDependency section */

/* Begin XCBuildConfiguration section */
		244CC5AD2C607EC2008D8102 /* Debug */ = {
			isa = XCBuildConfiguration;
			buildSettings = {
				ALWAYS_SEARCH_USER_PATHS = NO;
				ASSETCATALOG_COMPILER_GENERATE_SWIFT_ASSET_SYMBOL_EXTENSIONS = YES;
				CLANG_ANALYZER_NONNULL = YES;
				CLANG_ANALYZER_NUMBER_OBJECT_CONVERSION = YES_AGGRESSIVE;
				CLANG_CXX_LANGUAGE_STANDARD = "gnu++20";
				CLANG_ENABLE_MODULES = YES;
				CLANG_ENABLE_OBJC_ARC = YES;
				CLANG_ENABLE_OBJC_WEAK = YES;
				CLANG_WARN_BLOCK_CAPTURE_AUTORELEASING = YES;
				CLANG_WARN_BOOL_CONVERSION = YES;
				CLANG_WARN_COMMA = YES;
				CLANG_WARN_CONSTANT_CONVERSION = YES;
				CLANG_WARN_DEPRECATED_OBJC_IMPLEMENTATIONS = YES;
				CLANG_WARN_DIRECT_OBJC_ISA_USAGE = YES_ERROR;
				CLANG_WARN_DOCUMENTATION_COMMENTS = YES;
				CLANG_WARN_EMPTY_BODY = YES;
				CLANG_WARN_ENUM_CONVERSION = YES;
				CLANG_WARN_INFINITE_RECURSION = YES;
				CLANG_WARN_INT_CONVERSION = YES;
				CLANG_WARN_NON_LITERAL_NULL_CONVERSION = YES;
				CLANG_WARN_OBJC_IMPLICIT_RETAIN_SELF = YES;
				CLANG_WARN_OBJC_LITERAL_CONVERSION = YES;
				CLANG_WARN_OBJC_ROOT_CLASS = YES_ERROR;
				CLANG_WARN_QUOTED_INCLUDE_IN_FRAMEWORK_HEADER = YES;
				CLANG_WARN_RANGE_LOOP_ANALYSIS = YES;
				CLANG_WARN_STRICT_PROTOTYPES = YES;
				CLANG_WARN_SUSPICIOUS_MOVE = YES;
				CLANG_WARN_UNGUARDED_AVAILABILITY = YES_AGGRESSIVE;
				CLANG_WARN_UNREACHABLE_CODE = YES;
				CLANG_WARN__DUPLICATE_METHOD_MATCH = YES;
				COPY_PHASE_STRIP = NO;
				DEBUG_INFORMATION_FORMAT = dwarf;
				ENABLE_STRICT_OBJC_MSGSEND = YES;
				ENABLE_TESTABILITY = YES;
				ENABLE_USER_SCRIPT_SANDBOXING = YES;
				GCC_C_LANGUAGE_STANDARD = gnu17;
				GCC_DYNAMIC_NO_PIC = NO;
				GCC_NO_COMMON_BLOCKS = YES;
				GCC_OPTIMIZATION_LEVEL = 0;
				GCC_PREPROCESSOR_DEFINITIONS = (
					"DEBUG=1",
					"$(inherited)",
				);
				GCC_WARN_64_TO_32_BIT_CONVERSION = YES;
				GCC_WARN_ABOUT_RETURN_TYPE = YES_ERROR;
				GCC_WARN_UNDECLARED_SELECTOR = YES;
				GCC_WARN_UNINITIALIZED_AUTOS = YES_AGGRESSIVE;
				GCC_WARN_UNUSED_FUNCTION = YES;
				GCC_WARN_UNUSED_VARIABLE = YES;
				LOCALIZATION_PREFERS_STRING_CATALOGS = YES;
				MTL_ENABLE_DEBUG_INFO = INCLUDE_SOURCE;
				MTL_FAST_MATH = YES;
				ONLY_ACTIVE_ARCH = YES;
				SWIFT_ACTIVE_COMPILATION_CONDITIONS = "DEBUG $(inherited)";
				SWIFT_OPTIMIZATION_LEVEL = "-Onone";
			};
			name = Debug;
		};
		244CC5AE2C607EC2008D8102 /* Release */ = {
			isa = XCBuildConfiguration;
			buildSettings = {
				ALWAYS_SEARCH_USER_PATHS = NO;
				ASSETCATALOG_COMPILER_GENERATE_SWIFT_ASSET_SYMBOL_EXTENSIONS = YES;
				CLANG_ANALYZER_NONNULL = YES;
				CLANG_ANALYZER_NUMBER_OBJECT_CONVERSION = YES_AGGRESSIVE;
				CLANG_CXX_LANGUAGE_STANDARD = "gnu++20";
				CLANG_ENABLE_MODULES = YES;
				CLANG_ENABLE_OBJC_ARC = YES;
				CLANG_ENABLE_OBJC_WEAK = YES;
				CLANG_WARN_BLOCK_CAPTURE_AUTORELEASING = YES;
				CLANG_WARN_BOOL_CONVERSION = YES;
				CLANG_WARN_COMMA = YES;
				CLANG_WARN_CONSTANT_CONVERSION = YES;
				CLANG_WARN_DEPRECATED_OBJC_IMPLEMENTATIONS = YES;
				CLANG_WARN_DIRECT_OBJC_ISA_USAGE = YES_ERROR;
				CLANG_WARN_DOCUMENTATION_COMMENTS = YES;
				CLANG_WARN_EMPTY_BODY = YES;
				CLANG_WARN_ENUM_CONVERSION = YES;
				CLANG_WARN_INFINITE_RECURSION = YES;
				CLANG_WARN_INT_CONVERSION = YES;
				CLANG_WARN_NON_LITERAL_NULL_CONVERSION = YES;
				CLANG_WARN_OBJC_IMPLICIT_RETAIN_SELF = YES;
				CLANG_WARN_OBJC_LITERAL_CONVERSION = YES;
				CLANG_WARN_OBJC_ROOT_CLASS = YES_ERROR;
				CLANG_WARN_QUOTED_INCLUDE_IN_FRAMEWORK_HEADER = YES;
				CLANG_WARN_RANGE_LOOP_ANALYSIS = YES;
				CLANG_WARN_STRICT_PROTOTYPES = YES;
				CLANG_WARN_SUSPICIOUS_MOVE = YES;
				CLANG_WARN_UNGUARDED_AVAILABILITY = YES_AGGRESSIVE;
				CLANG_WARN_UNREACHABLE_CODE = YES;
				CLANG_WARN__DUPLICATE_METHOD_MATCH = YES;
				COPY_PHASE_STRIP = NO;
				DEBUG_INFORMATION_FORMAT = "dwarf-with-dsym";
				ENABLE_NS_ASSERTIONS = NO;
				ENABLE_STRICT_OBJC_MSGSEND = YES;
				ENABLE_USER_SCRIPT_SANDBOXING = YES;
				GCC_C_LANGUAGE_STANDARD = gnu17;
				GCC_NO_COMMON_BLOCKS = YES;
				GCC_WARN_64_TO_32_BIT_CONVERSION = YES;
				GCC_WARN_ABOUT_RETURN_TYPE = YES_ERROR;
				GCC_WARN_UNDECLARED_SELECTOR = YES;
				GCC_WARN_UNINITIALIZED_AUTOS = YES_AGGRESSIVE;
				GCC_WARN_UNUSED_FUNCTION = YES;
				GCC_WARN_UNUSED_VARIABLE = YES;
				LOCALIZATION_PREFERS_STRING_CATALOGS = YES;
				MTL_ENABLE_DEBUG_INFO = NO;
				MTL_FAST_MATH = YES;
				SWIFT_COMPILATION_MODE = wholemodule;
			};
			name = Release;
		};
		244CC5B02C607EC2008D8102 /* Debug */ = {
			isa = XCBuildConfiguration;
			buildSettings = {
				ASSETCATALOG_COMPILER_APPICON_NAME = AppIcon;
				ASSETCATALOG_COMPILER_GLOBAL_ACCENT_COLOR_NAME = AccentColor;
				CODE_SIGN_ENTITLEMENTS = SwiftMacrosSample/SwiftMacrosSample.entitlements;
				CODE_SIGN_STYLE = Automatic;
				CURRENT_PROJECT_VERSION = 1;
				DEVELOPMENT_ASSET_PATHS = "\"SwiftMacrosSample/Preview Content\"";
				DEVELOPMENT_TEAM = P6K8M6RQ2W;
				ENABLE_HARDENED_RUNTIME = YES;
				ENABLE_PREVIEWS = YES;
				GENERATE_INFOPLIST_FILE = YES;
				"INFOPLIST_KEY_UIApplicationSceneManifest_Generation[sdk=iphoneos*]" = YES;
				"INFOPLIST_KEY_UIApplicationSceneManifest_Generation[sdk=iphonesimulator*]" = YES;
				"INFOPLIST_KEY_UIApplicationSupportsIndirectInputEvents[sdk=iphoneos*]" = YES;
				"INFOPLIST_KEY_UIApplicationSupportsIndirectInputEvents[sdk=iphonesimulator*]" = YES;
				"INFOPLIST_KEY_UILaunchScreen_Generation[sdk=iphoneos*]" = YES;
				"INFOPLIST_KEY_UILaunchScreen_Generation[sdk=iphonesimulator*]" = YES;
				"INFOPLIST_KEY_UIStatusBarStyle[sdk=iphoneos*]" = UIStatusBarStyleDefault;
				"INFOPLIST_KEY_UIStatusBarStyle[sdk=iphonesimulator*]" = UIStatusBarStyleDefault;
				INFOPLIST_KEY_UISupportedInterfaceOrientations_iPad = "UIInterfaceOrientationPortrait UIInterfaceOrientationPortraitUpsideDown UIInterfaceOrientationLandscapeLeft UIInterfaceOrientationLandscapeRight";
				INFOPLIST_KEY_UISupportedInterfaceOrientations_iPhone = "UIInterfaceOrientationPortrait UIInterfaceOrientationLandscapeLeft UIInterfaceOrientationLandscapeRight";
				IPHONEOS_DEPLOYMENT_TARGET = 17.2;
				LD_RUNPATH_SEARCH_PATHS = "@executable_path/Frameworks";
				"LD_RUNPATH_SEARCH_PATHS[sdk=macosx*]" = "@executable_path/../Frameworks";
				MACOSX_DEPLOYMENT_TARGET = 14.1;
				MARKETING_VERSION = 1.0;
				PRODUCT_BUNDLE_IDENTIFIER = com.r.t.astronomy.SwiftMacrosSample;
				PRODUCT_NAME = "$(TARGET_NAME)";
				SDKROOT = auto;
				SUPPORTED_PLATFORMS = "iphoneos iphonesimulator macosx";
				SWIFT_EMIT_LOC_STRINGS = YES;
				SWIFT_VERSION = 5.0;
				TARGETED_DEVICE_FAMILY = "1,2";
			};
			name = Debug;
		};
		244CC5B12C607EC2008D8102 /* Release */ = {
			isa = XCBuildConfiguration;
			buildSettings = {
				ASSETCATALOG_COMPILER_APPICON_NAME = AppIcon;
				ASSETCATALOG_COMPILER_GLOBAL_ACCENT_COLOR_NAME = AccentColor;
				CODE_SIGN_ENTITLEMENTS = SwiftMacrosSample/SwiftMacrosSample.entitlements;
				CODE_SIGN_STYLE = Automatic;
				CURRENT_PROJECT_VERSION = 1;
				DEVELOPMENT_ASSET_PATHS = "\"SwiftMacrosSample/Preview Content\"";
				DEVELOPMENT_TEAM = P6K8M6RQ2W;
				ENABLE_HARDENED_RUNTIME = YES;
				ENABLE_PREVIEWS = YES;
				GENERATE_INFOPLIST_FILE = YES;
				"INFOPLIST_KEY_UIApplicationSceneManifest_Generation[sdk=iphoneos*]" = YES;
				"INFOPLIST_KEY_UIApplicationSceneManifest_Generation[sdk=iphonesimulator*]" = YES;
				"INFOPLIST_KEY_UIApplicationSupportsIndirectInputEvents[sdk=iphoneos*]" = YES;
				"INFOPLIST_KEY_UIApplicationSupportsIndirectInputEvents[sdk=iphonesimulator*]" = YES;
				"INFOPLIST_KEY_UILaunchScreen_Generation[sdk=iphoneos*]" = YES;
				"INFOPLIST_KEY_UILaunchScreen_Generation[sdk=iphonesimulator*]" = YES;
				"INFOPLIST_KEY_UIStatusBarStyle[sdk=iphoneos*]" = UIStatusBarStyleDefault;
				"INFOPLIST_KEY_UIStatusBarStyle[sdk=iphonesimulator*]" = UIStatusBarStyleDefault;
				INFOPLIST_KEY_UISupportedInterfaceOrientations_iPad = "UIInterfaceOrientationPortrait UIInterfaceOrientationPortraitUpsideDown UIInterfaceOrientationLandscapeLeft UIInterfaceOrientationLandscapeRight";
				INFOPLIST_KEY_UISupportedInterfaceOrientations_iPhone = "UIInterfaceOrientationPortrait UIInterfaceOrientationLandscapeLeft UIInterfaceOrientationLandscapeRight";
				IPHONEOS_DEPLOYMENT_TARGET = 17.2;
				LD_RUNPATH_SEARCH_PATHS = "@executable_path/Frameworks";
				"LD_RUNPATH_SEARCH_PATHS[sdk=macosx*]" = "@executable_path/../Frameworks";
				MACOSX_DEPLOYMENT_TARGET = 14.1;
				MARKETING_VERSION = 1.0;
				PRODUCT_BUNDLE_IDENTIFIER = com.r.t.astronomy.SwiftMacrosSample;
				PRODUCT_NAME = "$(TARGET_NAME)";
				SDKROOT = auto;
				SUPPORTED_PLATFORMS = "iphoneos iphonesimulator macosx";
				SWIFT_EMIT_LOC_STRINGS = YES;
				SWIFT_VERSION = 5.0;
				TARGETED_DEVICE_FAMILY = "1,2";
			};
			name = Release;
		};
		244CC5B32C607EC2008D8102 /* Debug */ = {
			isa = XCBuildConfiguration;
			buildSettings = {
				ALWAYS_EMBED_SWIFT_STANDARD_LIBRARIES = YES;
				BUNDLE_LOADER = "$(TEST_HOST)";
				CODE_SIGN_STYLE = Automatic;
				CURRENT_PROJECT_VERSION = 1;
				DEVELOPMENT_TEAM = P6K8M6RQ2W;
				GENERATE_INFOPLIST_FILE = YES;
				IPHONEOS_DEPLOYMENT_TARGET = 17.2;
				MACOSX_DEPLOYMENT_TARGET = 14.1;
				MARKETING_VERSION = 1.0;
				PRODUCT_BUNDLE_IDENTIFIER = com.r.t.astronomy.SwiftMacrosSampleTests;
				PRODUCT_NAME = "$(TARGET_NAME)";
				SDKROOT = auto;
				SUPPORTED_PLATFORMS = "iphoneos iphonesimulator macosx";
				SWIFT_EMIT_LOC_STRINGS = NO;
				SWIFT_VERSION = 5.0;
				TARGETED_DEVICE_FAMILY = "1,2";
				TEST_HOST = "$(BUILT_PRODUCTS_DIR)/SwiftMacrosSample.app/$(BUNDLE_EXECUTABLE_FOLDER_PATH)/SwiftMacrosSample";
			};
			name = Debug;
		};
		244CC5B42C607EC2008D8102 /* Release */ = {
			isa = XCBuildConfiguration;
			buildSettings = {
				ALWAYS_EMBED_SWIFT_STANDARD_LIBRARIES = YES;
				BUNDLE_LOADER = "$(TEST_HOST)";
				CODE_SIGN_STYLE = Automatic;
				CURRENT_PROJECT_VERSION = 1;
				DEVELOPMENT_TEAM = P6K8M6RQ2W;
				GENERATE_INFOPLIST_FILE = YES;
				IPHONEOS_DEPLOYMENT_TARGET = 17.2;
				MACOSX_DEPLOYMENT_TARGET = 14.1;
				MARKETING_VERSION = 1.0;
				PRODUCT_BUNDLE_IDENTIFIER = com.r.t.astronomy.SwiftMacrosSampleTests;
				PRODUCT_NAME = "$(TARGET_NAME)";
				SDKROOT = auto;
				SUPPORTED_PLATFORMS = "iphoneos iphonesimulator macosx";
				SWIFT_EMIT_LOC_STRINGS = NO;
				SWIFT_VERSION = 5.0;
				TARGETED_DEVICE_FAMILY = "1,2";
				TEST_HOST = "$(BUILT_PRODUCTS_DIR)/SwiftMacrosSample.app/$(BUNDLE_EXECUTABLE_FOLDER_PATH)/SwiftMacrosSample";
			};
			name = Release;
		};
		244CC5B62C607EC2008D8102 /* Debug */ = {
			isa = XCBuildConfiguration;
			buildSettings = {
				ALWAYS_EMBED_SWIFT_STANDARD_LIBRARIES = YES;
				CODE_SIGN_STYLE = Automatic;
				CURRENT_PROJECT_VERSION = 1;
				DEVELOPMENT_TEAM = P6K8M6RQ2W;
				GENERATE_INFOPLIST_FILE = YES;
				IPHONEOS_DEPLOYMENT_TARGET = 17.2;
				MACOSX_DEPLOYMENT_TARGET = 14.1;
				MARKETING_VERSION = 1.0;
				PRODUCT_BUNDLE_IDENTIFIER = com.r.t.astronomy.SwiftMacrosSampleUITests;
				PRODUCT_NAME = "$(TARGET_NAME)";
				SDKROOT = auto;
				SUPPORTED_PLATFORMS = "iphoneos iphonesimulator macosx";
				SWIFT_EMIT_LOC_STRINGS = NO;
				SWIFT_VERSION = 5.0;
				TARGETED_DEVICE_FAMILY = "1,2";
				TEST_TARGET_NAME = SwiftMacrosSample;
			};
			name = Debug;
		};
		244CC5B72C607EC2008D8102 /* Release */ = {
			isa = XCBuildConfiguration;
			buildSettings = {
				ALWAYS_EMBED_SWIFT_STANDARD_LIBRARIES = YES;
				CODE_SIGN_STYLE = Automatic;
				CURRENT_PROJECT_VERSION = 1;
				DEVELOPMENT_TEAM = P6K8M6RQ2W;
				GENERATE_INFOPLIST_FILE = YES;
				IPHONEOS_DEPLOYMENT_TARGET = 17.2;
				MACOSX_DEPLOYMENT_TARGET = 14.1;
				MARKETING_VERSION = 1.0;
				PRODUCT_BUNDLE_IDENTIFIER = com.r.t.astronomy.SwiftMacrosSampleUITests;
				PRODUCT_NAME = "$(TARGET_NAME)";
				SDKROOT = auto;
				SUPPORTED_PLATFORMS = "iphoneos iphonesimulator macosx";
				SWIFT_EMIT_LOC_STRINGS = NO;
				SWIFT_VERSION = 5.0;
				TARGETED_DEVICE_FAMILY = "1,2";
				TEST_TARGET_NAME = SwiftMacrosSample;
			};
			name = Release;
		};
/* End XCBuildConfiguration section */

/* Begin XCConfigurationList section */
		244CC5852C607EC0008D8102 /* Build configuration list for PBXProject "SwiftMacrosSample" */ = {
			isa = XCConfigurationList;
			buildConfigurations = (
				244CC5AD2C607EC2008D8102 /* Debug */,
				244CC5AE2C607EC2008D8102 /* Release */,
			);
			defaultConfigurationIsVisible = 0;
			defaultConfigurationName = Release;
		};
		244CC5AF2C607EC2008D8102 /* Build configuration list for PBXNativeTarget "SwiftMacrosSample" */ = {
			isa = XCConfigurationList;
			buildConfigurations = (
				244CC5B02C607EC2008D8102 /* Debug */,
				244CC5B12C607EC2008D8102 /* Release */,
			);
			defaultConfigurationIsVisible = 0;
			defaultConfigurationName = Release;
		};
		244CC5B22C607EC2008D8102 /* Build configuration list for PBXNativeTarget "SwiftMacrosSampleTests" */ = {
			isa = XCConfigurationList;
			buildConfigurations = (
				244CC5B32C607EC2008D8102 /* Debug */,
				244CC5B42C607EC2008D8102 /* Release */,
			);
			defaultConfigurationIsVisible = 0;
			defaultConfigurationName = Release;
		};
		244CC5B52C607EC2008D8102 /* Build configuration list for PBXNativeTarget "SwiftMacrosSampleUITests" */ = {
			isa = XCConfigurationList;
			buildConfigurations = (
				244CC5B62C607EC2008D8102 /* Debug */,
				244CC5B72C607EC2008D8102 /* Release */,
			);
			defaultConfigurationIsVisible = 0;
			defaultConfigurationName = Release;
		};
/* End XCConfigurationList section */
	};
	rootObject = 244CC5822C607EC0008D8102 /* Project object */;
}
